
Microsoft Visual Studio Solution File, Format Version 12.00
# Visual Studio 15
VisualStudioVersion = 15.0.26430.16
MinimumVisualStudioVersion = 10.0.40219.1
Project("{2150E333-8FDC-42A3-9474-1A3956D46DE8}") = "src", "src", "{693DA652-135F-48D3-86E0-3987D2A0ADA7}"
EndProject
Project("{FAE04EC0-301F-11D3-BF4B-00C04F79EFBC}") = "Encryption.Hybrid", "src\Encryption.Hybrid\Encryption.Hybrid.csproj", "{9A6698FA-B465-4450-ADFA-808AD2D9C82D}"
EndProject
Project("{2150E333-8FDC-42A3-9474-1A3956D46DE8}") = "tests", "tests", "{359468C0-BF4F-4484-9C8B-2DFB0FCAA105}"
EndProject
Project("{FAE04EC0-301F-11D3-BF4B-00C04F79EFBC}") = "Encryption.HybridTests", "tests\Encryption.HybridTests\Encryption.HybridTests.csproj", "{8BD0CD2A-BA6E-40CC-A38C-564DE386B79F}"
EndProject
Project("{2150E333-8FDC-42A3-9474-1A3956D46DE8}") = "Solution Items", "Solution Items", "{65B5264F-1372-4372-9273-968E3291C436}"
	ProjectSection(SolutionItems) = preProject
		.gitattributes = .gitattributes
		.gitignore = .gitignore
		appveyor.yml = appveyor.yml
		build.cake = build.cake
		README.MD = README.MD
	EndProjectSection
EndProject
Global
	GlobalSection(SolutionConfigurationPlatforms) = preSolution
		Debug|Any CPU = Debug|Any CPU
		Release|Any CPU = Release|Any CPU
	EndGlobalSection
	GlobalSection(ProjectConfigurationPlatforms) = postSolution
		{9A6698FA-B465-4450-ADFA-808AD2D9C82D}.Debug|Any CPU.ActiveCfg = Debug|Any CPU
		{9A6698FA-B465-4450-ADFA-808AD2D9C82D}.Debug|Any CPU.Build.0 = Debug|Any CPU
		{9A6698FA-B465-4450-ADFA-808AD2D9C82D}.Release|Any CPU.ActiveCfg = Release|Any CPU
		{9A6698FA-B465-4450-ADFA-808AD2D9C82D}.Release|Any CPU.Build.0 = Release|Any CPU
		{8BD0CD2A-BA6E-40CC-A38C-564DE386B79F}.Debug|Any CPU.ActiveCfg = Debug|Any CPU
		{8BD0CD2A-BA6E-40CC-A38C-564DE386B79F}.Debug|Any CPU.Build.0 = Debug|Any CPU
		{8BD0CD2A-BA6E-40CC-A38C-564DE386B79F}.Release|Any CPU.ActiveCfg = Release|Any CPU
		{8BD0CD2A-BA6E-40CC-A38C-564DE386B79F}.Release|Any CPU.Build.0 = Release|Any CPU
	EndGlobalSection
	GlobalSection(SolutionProperties) = preSolution
		HideSolutionNode = FALSE
	EndGlobalSection
	GlobalSection(NestedProjects) = preSolution
		{9A6698FA-B465-4450-ADFA-808AD2D9C82D} = {693DA652-135F-48D3-86E0-3987D2A0ADA7}
		{8BD0CD2A-BA6E-40CC-A38C-564DE386B79F} = {359468C0-BF4F-4484-9C8B-2DFB0FCAA105}
	EndGlobalSection
EndGlobal
